
Microsoft Visual Studio Solution File, Format Version 12.00
# Visual Studio Version 17
VisualStudioVersion = 17.13.35825.156
MinimumVisualStudioVersion = 10.0.40219.1
Project("{FAE04EC0-301F-11D3-BF4B-00C04F79EFBC}") = "Vin Fletcher’s Arrows", "Vin Fletcher’s Arrows.csproj", "{7A18F095-A3F0-4D1F-BC96-4D81208EB6E8}"
EndProject
Global
	GlobalSection(SolutionConfigurationPlatforms) = preSolution
		Debug|Any CPU = Debug|Any CPU
		Release|Any CPU = Release|Any CPU
	EndGlobalSection
	GlobalSection(ProjectConfigurationPlatforms) = postSolution
		{7A18F095-A3F0-4D1F-BC96-4D81208EB6E8}.Debug|Any CPU.ActiveCfg = Debug|Any CPU
		{7A18F095-A3F0-4D1F-BC96-4D81208EB6E8}.Debug|Any CPU.Build.0 = Debug|Any CPU
		{7A18F095-A3F0-4D1F-BC96-4D81208EB6E8}.Release|Any CPU.ActiveCfg = Release|Any CPU
		{7A18F095-A3F0-4D1F-BC96-4D81208EB6E8}.Release|Any CPU.Build.0 = Release|Any CPU
	EndGlobalSection
	GlobalSection(SolutionProperties) = preSolution
		HideSolutionNode = FALSE
	EndGlobalSection
	GlobalSection(ExtensibilityGlobals) = postSolution
		SolutionGuid = {5DA3FD5C-1217-4AF0-84AE-C43390AB1BA0}
	EndGlobalSection
EndGlobal
